github.com/google/uuid v1.6.0 h1:NIvaJDMOsjHA8n1jAhLSgzrAzy1Hgr+hNrb57e+94F0=
github.com/google/uuid v1.6.0/go.mod h1:TIyPZe4MgqvfeYDBFedMoGGpEw/LqOeaOT+nhxU+yHo=
github.com/govalues/decimal v0.1.32 h1:jsZHwjLKteAlG5nGjlqvhtkGBq7/4SKkk6yGTluwPk0=
github.com/govalues/decimal v0.1.32/go.mod h1:Ee7eI3Llf7hfqDZtpj8Q6NCIgJy1iY3kH1pSwDrNqlM=
github.com/maxence-charriere/go-app/v10 v10.0.8 h1:ZbHTaIN1nMTzMvWmx5/wAMioDxnftNmkYfcX3O4lleE=
github.com/maxence-charriere/go-app/v10 v10.0.8/go.mod h1:VyjGLeTiK6hfAQ/Q5ZVcLbuJ9vOZhKcewSC/ZwI+6WM=
github.com/rickb777/date/v2 v2.1.4 h1:kyG5JHcl2kDc+HF1OJ6Ym0/zGtlmgQ8LsgNksQm+uC8=
github.com/rickb777/date/v2 v2.1.4/go.mod h1:uYIHn03u9yY30ZEAPX++uFrJQRXTejU2y+ylXXB09sw=
github.com/rickb777/period v1.0.7 h1:IERfp7bk5a1w8rZ6A98CLScQbRQX+p/O5x3HwytKBwI=
github.com/rickb777/period v1.0.7/go.mod h1:M13FB5SGZf4zJmF/zfLDqwfQ0XafHxgOsw6DAL0EFw0=
github.com/rickb777/plural v1.4.2 h1:Kl/syFGLFZ5EbuV8c9SVud8s5HI2HpCCtOMw2U1kS+A=
github.com/rickb777/plural v1.4.2/go.mod h1:kdmXUpmKBJTS0FtG/TFumd//VBWsNTD7zOw7x4umxNw=
